// !$*UTF8*$!
{
	archiveVersion = 1;
	classes = {
	};
	objectVersion = 48;
	objects = {

/* Begin PBXBuildFile section */
		8BD3CCD51FD6BF61006F4335 /* AppDelegate.swift in Sources */ = {isa = PBXBuildFile; fileRef = 8BD3CCD41FD6BF61006F4335 /* AppDelegate.swift */; };
		8BD3CCD71FD6BF61006F4335 /* ViewController.swift in Sources */ = {isa = PBXBuildFile; fileRef = 8BD3CCD61FD6BF61006F4335 /* ViewController.swift */; };
		8BD3CCDA1FD6BF61006F4335 /* Main.storyboard in Resources */ = {isa = PBXBuildFile; fileRef = 8BD3CCD81FD6BF61006F4335 /* Main.storyboard */; };
		8BD3CCDC1FD6BF61006F4335 /* Assets.xcassets in Resources */ = {isa = PBXBuildFile; fileRef = 8BD3CCDB1FD6BF61006F4335 /* Assets.xcassets */; };
		8BD3CCDF1FD6BF61006F4335 /* LaunchScreen.storyboard in Resources */ = {isa = PBXBuildFile; fileRef = 8BD3CCDD1FD6BF61006F4335 /* LaunchScreen.storyboard */; };
		8BD3CCE71FD6BFBE006F4335 /* Marker.swift in Sources */ = {isa = PBXBuildFile; fileRef = 8BD3CCE61FD6BFBE006F4335 /* Marker.swift */; };
		8BD3CCE91FD6C0E0006F4335 /* CMDeviceMotion.swift in Sources */ = {isa = PBXBuildFile; fileRef = 8BD3CCE81FD6C0E0006F4335 /* CMDeviceMotion.swift */; };
/* End PBXBuildFile section */

/* Begin PBXFileReference section */
		8BD3CCD11FD6BF61006F4335 /* SceneKitProjectionIssue.app */ = {isa = PBXFileReference; explicitFileType = wrapper.application; includeInIndex = 0; path = SceneKitProjectionIssue.app; sourceTree = BUILT_PRODUCTS_DIR; };
		8BD3CCD41FD6BF61006F4335 /* AppDelegate.swift */ = {isa = PBXFileReference; lastKnownFileType = sourcecode.swift; path = AppDelegate.swift; sourceTree = "<group>"; };
		8BD3CCD61FD6BF61006F4335 /* ViewController.swift */ = {isa = PBXFileReference; lastKnownFileType = sourcecode.swift; path = ViewController.swift; sourceTree = "<group>"; };
		8BD3CCD91FD6BF61006F4335 /* Base */ = {isa = PBXFileReference; lastKnownFileType = file.storyboard; name = Base; path = Base.lproj/Main.storyboard; sourceTree = "<group>"; };
		8BD3CCDB1FD6BF61006F4335 /* Assets.xcassets */ = {isa = PBXFileReference; lastKnownFileType = folder.assetcatalog; path = Assets.xcassets; sourceTree = "<group>"; };
		8BD3CCDE1FD6BF61006F4335 /* Base */ = {isa = PBXFileReference; lastKnownFileType = file.storyboard; name = Base; path = Base.lproj/LaunchScreen.storyboard; sourceTree = "<group>"; };
		8BD3CCE01FD6BF61006F4335 /* Info.plist */ = {isa = PBXFileReference; lastKnownFileType = text.plist.xml; path = Info.plist; sourceTree = "<group>"; };
		8BD3CCE61FD6BFBE006F4335 /* Marker.swift */ = {isa = PBXFileReference; lastKnownFileType = sourcecode.swift; path = Marker.swift; sourceTree = "<group>"; };
		8BD3CCE81FD6C0E0006F4335 /* CMDeviceMotion.swift */ = {isa = PBXFileReference; lastKnownFileType = sourcecode.swift; path = CMDeviceMotion.swift; sourceTree = "<group>"; };
/* End PBXFileReference section */

/* Begin PBXFrameworksBuildPhase section */
		8BD3CCCE1FD6BF61006F4335 /* Frameworks */ = {
			isa = PBXFrameworksBuildPhase;
			buildActionMask = 2147483647;
			files = (
			);
			runOnlyForDeploymentPostprocessing = 0;
		};
/* End PBXFrameworksBuildPhase section */

/* Begin PBXGroup section */
		8BD3CCC81FD6BF61006F4335 = {
			isa = PBXGroup;
			children = (
				8BD3CCD31FD6BF61006F4335 /* SceneKitProjectionIssue */,
				8BD3CCD21FD6BF61006F4335 /* Products */,
			);
			sourceTree = "<group>";
		};
		8BD3CCD21FD6BF61006F4335 /* Products */ = {
			isa = PBXGroup;
			children = (
				8BD3CCD11FD6BF61006F4335 /* SceneKitProjectionIssue.app */,
			);
			name = Products;
			sourceTree = "<group>";
		};
		8BD3CCD31FD6BF61006F4335 /* SceneKitProjectionIssue */ = {
			isa = PBXGroup;
			children = (
				8BD3CCD41FD6BF61006F4335 /* AppDelegate.swift */,
				8BD3CCD61FD6BF61006F4335 /* ViewController.swift */,
				8BD3CCE61FD6BFBE006F4335 /* Marker.swift */,
				8BD3CCD81FD6BF61006F4335 /* Main.storyboard */,
				8BD3CCDB1FD6BF61006F4335 /* Assets.xcassets */,
				8BD3CCDD1FD6BF61006F4335 /* LaunchScreen.storyboard */,
				8BD3CCE01FD6BF61006F4335 /* Info.plist */,
				8BD3CCE81FD6C0E0006F4335 /* CMDeviceMotion.swift */,
			);
			path = SceneKitProjectionIssue;
			sourceTree = "<group>";
		};
/* End PBXGroup section */

/* Begin PBXNativeTarget section */
		8BD3CCD01FD6BF61006F4335 /* SceneKitProjectionIssue */ = {
			isa = PBXNativeTarget;
			buildConfigurationList = 8BD3CCE31FD6BF61006F4335 /* Build configuration list for PBXNativeTarget "SceneKitProjectionIssue" */;
			buildPhases = (
				8BD3CCCD1FD6BF61006F4335 /* Sources */,
				8BD3CCCE1FD6BF61006F4335 /* Frameworks */,
				8BD3CCCF1FD6BF61006F4335 /* Resources */,
			);
			buildRules = (
			);
			dependencies = (
			);
			name = SceneKitProjectionIssue;
			productName = SceneKitProjectionIssue;
			productReference = 8BD3CCD11FD6BF61006F4335 /* SceneKitProjectionIssue.app */;
			productType = "com.apple.product-type.application";
		};
/* End PBXNativeTarget section */

/* Begin PBXProject section */
		8BD3CCC91FD6BF61006F4335 /* Project object */ = {
			isa = PBXProject;
			attributes = {
				LastSwiftUpdateCheck = 0910;
				LastUpgradeCheck = 0910;
				ORGANIZATIONNAME = MG;
				TargetAttributes = {
					8BD3CCD01FD6BF61006F4335 = {
						CreatedOnToolsVersion = 9.1;
						ProvisioningStyle = Automatic;
					};
				};
			};
			buildConfigurationList = 8BD3CCCC1FD6BF61006F4335 /* Build configuration list for PBXProject "SceneKitProjectionIssue" */;
			compatibilityVersion = "Xcode 8.0";
			developmentRegion = en;
			hasScannedForEncodings = 0;
			knownRegions = (
				en,
				Base,
			);
			mainGroup = 8BD3CCC81FD6BF61006F4335;
			productRefGroup = 8BD3CCD21FD6BF61006F4335 /* Products */;
			projectDirPath = "";
			projectRoot = "";
			targets = (
				8BD3CCD01FD6BF61006F4335 /* SceneKitProjectionIssue */,
			);
		};
/* End PBXProject section */

/* Begin PBXResourcesBuildPhase section */
		8BD3CCCF1FD6BF61006F4335 /* Resources */ = {
			isa = PBXResourcesBuildPhase;
			buildActionMask = 2147483647;
			files = (
				8BD3CCDF1FD6BF61006F4335 /* LaunchScreen.storyboard in Resources */,
				8BD3CCDC1FD6BF61006F4335 /* Assets.xcassets in Resources */,
				8BD3CCDA1FD6BF61006F4335 /* Main.storyboard in Resources */,
			);
			runOnlyForDeploymentPostprocessing = 0;
		};
/* End PBXResourcesBuildPhase section */

/* Begin PBXSourcesBuildPhase section */
		8BD3CCCD1FD6BF61006F4335 /* Sources */ = {
			isa = PBXSourcesBuildPhase;
			buildActionMask = 2147483647;
			files = (
				8BD3CCD71FD6BF61006F4335 /* ViewController.swift in Sources */,
				8BD3CCE91FD6C0E0006F4335 /* CMDeviceMotion.swift in Sources */,
				8BD3CCE71FD6BFBE006F4335 /* Marker.swift in Sources */,
				8BD3CCD51FD6BF61006F4335 /* AppDelegate.swift in Sources */,
			);
			runOnlyForDeploymentPostprocessing = 0;
		};
/* End PBXSourcesBuildPhase section */

/* Begin PBXVariantGroup section */
		8BD3CCD81FD6BF61006F4335 /* Main.storyboard */ = {
			isa = PBXVariantGroup;
			children = (
				8BD3CCD91FD6BF61006F4335 /* Base */,
			);
			name = Main.storyboard;
			sourceTree = "<group>";
		};
		8BD3CCDD1FD6BF61006F4335 /* LaunchScreen.storyboard */ = {
			isa = PBXVariantGroup;
			children = (
				8BD3CCDE1FD6BF61006F4335 /* Base */,
			);
			name = LaunchScreen.storyboard;
			sourceTree = "<group>";
		};
/* End PBXVariantGroup section */

/* Begin XCBuildConfiguration section */
		8BD3CCE11FD6BF61006F4335 /* Debug */ = {
			isa = XCBuildConfiguration;
			buildSettings = {
				ALWAYS_SEARCH_USER_PATHS = NO;
				CLANG_ANALYZER_NONNULL = YES;
				CLANG_ANALYZER_NUMBER_OBJECT_CONVERSION = YES_AGGRESSIVE;
				CLANG_CXX_LANGUAGE_STANDARD = "gnu++14";
				CLANG_CXX_LIBRARY = "libc++";
				CLANG_ENABLE_MODULES = YES;
				CLANG_ENABLE_OBJC_ARC = YES;
				CLANG_WARN_BLOCK_CAPTURE_AUTORELEASING = YES;
				CLANG_WARN_BOOL_CONVERSION = YES;
				CLANG_WARN_COMMA = YES;
				CLANG_WARN_CONSTANT_CONVERSION = YES;
				CLANG_WARN_DIRECT_OBJC_ISA_USAGE = YES_ERROR;
				CLANG_WARN_DOCUMENTATION_COMMENTS = YES;
				CLANG_WARN_EMPTY_BODY = YES;
				CLANG_WARN_ENUM_CONVERSION = YES;
				CLANG_WARN_INFINITE_RECURSION = YES;
				CLANG_WARN_INT_CONVERSION = YES;
				CLANG_WARN_NON_LITERAL_NULL_CONVERSION = YES;
				CLANG_WARN_OBJC_LITERAL_CONVERSION = YES;
				CLANG_WARN_OBJC_ROOT_CLASS = YES_ERROR;
				CLANG_WARN_RANGE_LOOP_ANALYSIS = YES;
				CLANG_WARN_STRICT_PROTOTYPES = YES;
				CLANG_WARN_SUSPICIOUS_MOVE = YES;
				CLANG_WARN_UNGUARDED_AVAILABILITY = YES_AGGRESSIVE;
				CLANG_WARN_UNREACHABLE_CODE = YES;
				CLANG_WARN__DUPLICATE_METHOD_MATCH = YES;
				CODE_SIGN_IDENTITY = "iPhone Developer";
				COPY_PHASE_STRIP = NO;
				DEBUG_INFORMATION_FORMAT = dwarf;
				ENABLE_STRICT_OBJC_MSGSEND = YES;
				ENABLE_TESTABILITY = YES;
				GCC_C_LANGUAGE_STANDARD = gnu11;
				GCC_DYNAMIC_NO_PIC = NO;
				GCC_NO_COMMON_BLOCKS = YES;
				GCC_OPTIMIZATION_LEVEL = 0;
				GCC_PREPROCESSOR_DEFINITIONS = (
					"DEBUG=1",
					"$(inherited)",
				);
				GCC_WARN_64_TO_32_BIT_CONVERSION = YES;
				GCC_WARN_ABOUT_RETURN_TYPE = YES_ERROR;
				GCC_WARN_UNDECLARED_SELECTOR = YES;
				GCC_WARN_UNINITIALIZED_AUTOS = YES_AGGRESSIVE;
				GCC_WARN_UNUSED_FUNCTION = YES;
				GCC_WARN_UNUSED_VARIABLE = YES;
				IPHONEOS_DEPLOYMENT_TARGET = 11.1;
				MTL_ENABLE_DEBUG_INFO = YES;
				ONLY_ACTIVE_ARCH = YES;
				SDKROOT = iphoneos;
				SWIFT_ACTIVE_COMPILATION_CONDITIONS = DEBUG;
				SWIFT_OPTIMIZATION_LEVEL = "-Onone";
			};
			name = Debug;
		};
		8BD3CCE21FD6BF61006F4335 /* Release */ = {
			isa = XCBuildConfiguration;
			buildSettings = {
				ALWAYS_SEARCH_USER_PATHS = NO;
				CLANG_ANALYZER_NONNULL = YES;
				CLANG_ANALYZER_NUMBER_OBJECT_CONVERSION = YES_AGGRESSIVE;
				CLANG_CXX_LANGUAGE_STANDARD = "gnu++14";
				CLANG_CXX_LIBRARY = "libc++";
				CLANG_ENABLE_MODULES = YES;
				CLANG_ENABLE_OBJC_ARC = YES;
				CLANG_WARN_BLOCK_CAPTURE_AUTORELEASING = YES;
				CLANG_WARN_BOOL_CONVERSION = YES;
				CLANG_WARN_COMMA = YES;
				CLANG_WARN_CONSTANT_CONVERSION = YES;
				CLANG_WARN_DIRECT_OBJC_ISA_USAGE = YES_ERROR;
				CLANG_WARN_DOCUMENTATION_COMMENTS = YES;
				CLANG_WARN_EMPTY_BODY = YES;
				CLANG_WARN_ENUM_CONVERSION = YES;
				CLANG_WARN_INFINITE_RECURSION = YES;
				CLANG_WARN_INT_CONVERSION = YES;
				CLANG_WARN_NON_LITERAL_NULL_CONVERSION = YES;
				CLANG_WARN_OBJC_LITERAL_CONVERSION = YES;
				CLANG_WARN_OBJC_ROOT_CLASS = YES_ERROR;
				CLANG_WARN_RANGE_LOOP_ANALYSIS = YES;
				CLANG_WARN_STRICT_PROTOTYPES = YES;
				CLANG_WARN_SUSPICIOUS_MOVE = YES;
				CLANG_WARN_UNGUARDED_AVAILABILITY = YES_AGGRESSIVE;
				CLANG_WARN_UNREACHABLE_CODE = YES;
				CLANG_WARN__DUPLICATE_METHOD_MATCH = YES;
				CODE_SIGN_IDENTITY = "iPhone Developer";
				COPY_PHASE_STRIP = NO;
				DEBUG_INFORMATION_FORMAT = "dwarf-with-dsym";
				ENABLE_NS_ASSERTIONS = NO;
				ENABLE_STRICT_OBJC_MSGSEND = YES;
				GCC_C_LANGUAGE_STANDARD = gnu11;
				GCC_NO_COMMON_BLOCKS = YES;
				GCC_WARN_64_TO_32_BIT_CONVERSION = YES;
				GCC_WARN_ABOUT_RETURN_TYPE = YES_ERROR;
				GCC_WARN_UNDECLARED_SELECTOR = YES;
				GCC_WARN_UNINITIALIZED_AUTOS = YES_AGGRESSIVE;
				GCC_WARN_UNUSED_FUNCTION = YES;
				GCC_WARN_UNUSED_VARIABLE = YES;
				IPHONEOS_DEPLOYMENT_TARGET = 11.1;
				MTL_ENABLE_DEBUG_INFO = NO;
				SDKROOT = iphoneos;
				SWIFT_OPTIMIZATION_LEVEL = "-Owholemodule";
				VALIDATE_PRODUCT = YES;
			};
			name = Release;
		};
		8BD3CCE41FD6BF61006F4335 /* Debug */ = {
			isa = XCBuildConfiguration;
			buildSettings = {
				ASSETCATALOG_COMPILER_APPICON_NAME = AppIcon;
				CODE_SIGN_STYLE = Automatic;
				DEVELOPMENT_TEAM = ZV926KLGMR;
				INFOPLIST_FILE = SceneKitProjectionIssue/Info.plist;
				IPHONEOS_DEPLOYMENT_TARGET = 9.0;
				LD_RUNPATH_SEARCH_PATHS = "$(inherited) @executable_path/Frameworks";
				PRODUCT_BUNDLE_IDENTIFIER = MG.SceneKitProjectionIssue;
				PRODUCT_NAME = "$(TARGET_NAME)";
				SWIFT_VERSION = 4.0;
				TARGETED_DEVICE_FAMILY = "1,2";
			};
			name = Debug;
		};
		8BD3CCE51FD6BF61006F4335 /* Release */ = {
			isa = XCBuildConfiguration;
			buildSettings = {
				ASSETCATALOG_COMPILER_APPICON_NAME = AppIcon;
				CODE_SIGN_STYLE = Automatic;
				DEVELOPMENT_TEAM = ZV926KLGMR;
				INFOPLIST_FILE = SceneKitProjectionIssue/Info.plist;
				IPHONEOS_DEPLOYMENT_TARGET = 9.0;
				LD_RUNPATH_SEARCH_PATHS = "$(inherited) @executable_path/Frameworks";
				PRODUCT_BUNDLE_IDENTIFIER = MG.SceneKitProjectionIssue;
				PRODUCT_NAME = "$(TARGET_NAME)";
				SWIFT_VERSION = 4.0;
				TARGETED_DEVICE_FAMILY = "1,2";
			};
			name = Release;
		};
/* End XCBuildConfiguration section */

/* Begin XCConfigurationList section */
		8BD3CCCC1FD6BF61006F4335 /* Build configuration list for PBXProject "SceneKitProjectionIssue" */ = {
			isa = XCConfigurationList;
			buildConfigurations = (
				8BD3CCE11FD6BF61006F4335 /* Debug */,
				8BD3CCE21FD6BF61006F4335 /* Release */,
			);
			defaultConfigurationIsVisible = 0;
			defaultConfigurationName = Release;
		};
		8BD3CCE31FD6BF61006F4335 /* Build configuration list for PBXNativeTarget "SceneKitProjectionIssue" */ = {
			isa = XCConfigurationList;
			buildConfigurations = (
				8BD3CCE41FD6BF61006F4335 /* Debug */,
				8BD3CCE51FD6BF61006F4335 /* Release */,
			);
			defaultConfigurationIsVisible = 0;
			defaultConfigurationName = Release;
		};
/* End XCConfigurationList section */
	};
	rootObject = 8BD3CCC91FD6BF61006F4335 /* Project object */;
}
